{
    "_readme": [
        "This file locks the dependencies of your project to a known state",
        "Read more about it at https://getcomposer.org/doc/01-basic-usage.md#installing-dependencies",
        "This file is @generated automatically"
    ],
    "content-hash": "9127ea737d9346e9f8f44634a96e8971",
    "packages": [
        {
            "name": "chengf28/dbquery",
            "version": "v1.1.1",
            "source": {
                "type": "git",
                "url": "https://github.com/chengf28/DBquery.git",
                "reference": "380e674e6569bd9bb6ddf5ebbf76c1811e084d1e"
            },
            "dist": {
                "type": "zip",
                "url": "https://api.github.com/repos/chengf28/DBquery/zipball/380e674e6569bd9bb6ddf5ebbf76c1811e084d1e",
                "reference": "380e674e6569bd9bb6ddf5ebbf76c1811e084d1e",
                "shasum": ""
            },
            "require": {
                "php": ">=7.1.0"
            },
            "type": "library",
            "autoload": {
                "psr-4": {
                    "DBquery\\": "src/"
                }
            },
            "notification-url": "https://packagist.org/downloads/",
            "license": [
                "GPL-3.0"
            ],
            "authors": [
                {
                    "name": "chengf28",
                    "email": "chengf_28@163.com"
                }
            ],
            "description": "a Simple Mysql Query Builder",
            "time": "2019-07-30T03:59:28+00:00"
        }
    ],
    "packages-dev": [],
    "aliases": [],
    "minimum-stability": "stable",
    "stability-flags": [],
    "prefer-stable": false,
    "prefer-lowest": false,
    "platform": {
        "php": ">=7.0.0"
    },
    "platform-dev": []
}
